# This file is automatically @generated by Cargo.
# It is not intended for manual editing.
[[package]]
name = "bmp"
version = "0.5.0"
source = "registry+https://github.com/rust-lang/crates.io-index"
checksum = "69985ff4f58085ac696454692d0b646a66ad1f9cc9be294c91dc51bb5df511ae"
dependencies = [
 "byteorder",
]

[[package]]
name = "byteorder"
version = "1.4.2"
source = "registry+https://github.com/rust-lang/crates.io-index"
checksum = "ae44d1a3d5a19df61dd0c8beb138458ac2a53a7ac09eba97d55592540004306b"

[[package]]
name = "snes_image_encoder"
version = "0.1.0"
dependencies = [
 "bmp",
]
